# Generated by pub
# See https://dart.dev/tools/pub/glossary#lockfile
packages:
  _discoveryapis_commons:
    dependency: transitive
    description:
      name: _discoveryapis_commons
      sha256: "113c4100b90a5b70a983541782431b82168b3cae166ab130649c36eb3559d498"
      url: "https://pub.dev"
    source: hosted
    version: "1.0.7"
  _fe_analyzer_shared:
    dependency: transitive
    description:
      name: _fe_analyzer_shared
      sha256: c209688d9f5a5f26b2fb47a188131a6fb9e876ae9e47af3737c0b4f58a93470d
      url: "https://pub.dev"
    source: hosted
    version: "91.0.0"
  analyzer:
    dependency: transitive
    description:
      name: analyzer
      sha256: f51c8499b35f9b26820cfe914828a6a98a94efd5cc78b37bb7d03debae3a1d08
      url: "https://pub.dev"
    source: hosted
    version: "8.4.1"
  appengine:
    dependency: transitive
    description:
      name: appengine
      sha256: "2003c596a2fc5de5f396bc150cf85d47216209305db7851b42058ac4cdd53ff9"
      url: "https://pub.dev"
    source: hosted
    version: "0.13.11"
  archive:
    dependency: transitive
    description:
      name: archive
      sha256: a96e8b390886ee8abb49b7bd3ac8df6f451c621619f52a26e815fdcf568959ff
      url: "https://pub.dev"
    source: hosted
    version: "4.0.9"
  args:
    dependency: transitive
    description:
      name: args
      sha256: d0481093c50b1da8910eb0bb301626d4d8eb7284aa739614d2b394ee09e3ea04
      url: "https://pub.dev"
    source: hosted
    version: "2.7.0"
  async:
    dependency: transitive
    description:
      name: async
      sha256: "758e6d74e971c3e5aceb4110bfd6698efc7f501675bcfe0c775459a8140750eb"
      url: "https://pub.dev"
    source: hosted
    version: "2.13.0"
  basics:
    dependency: transitive
    description:
      name: basics
      sha256: "41ff8aded84ae174d1df5cce0bcac3ab9070caac9f7da35fd2cc638dfee6163f"
      url: "https://pub.dev"
    source: hosted
    version: "0.10.0"
  boolean_selector:
    dependency: transitive
    description:
      name: boolean_selector
      sha256: "8aab1771e1243a5063b8b0ff68042d67334e3feab9e95b9490f9a6ebf73b42ea"
      url: "https://pub.dev"
    source: hosted
    version: "2.1.2"
  buffer:
    dependency: transitive
    description:
      name: buffer
      sha256: "389da2ec2c16283c8787e0adaede82b1842102f8c8aae2f49003a766c5c6b3d1"
      url: "https://pub.dev"
    source: hosted
    version: "1.2.3"
  build:
    dependency: "direct overridden"
    description:
      name: build
      sha256: "275bf6bb2a00a9852c28d4e0b410da1d833a734d57d39d44f94bfc895a484ec3"
      url: "https://pub.dev"
    source: hosted
    version: "4.0.4"
  build_config:
    dependency: transitive
    description:
      name: build_config
      sha256: "4f64382b97504dc2fcdf487d5aae33418e08b4703fc21249e4db6d804a4d0187"
      url: "https://pub.dev"
    source: hosted
    version: "1.2.0"
  build_daemon:
    dependency: transitive
    description:
      name: build_daemon
      sha256: bf05f6e12cfea92d3c09308d7bcdab1906cd8a179b023269eed00c071004b957
      url: "https://pub.dev"
    source: hosted
    version: "4.1.1"
  build_runner:
    dependency: transitive
    description:
      name: build_runner
      sha256: "39ad4ca8a2876779737c60e4228b4bcd35d4352ef7e14e47514093edc012c734"
      url: "https://pub.dev"
    source: hosted
    version: "2.11.1"
  build_verify:
    dependency: transitive
    description:
      name: build_verify
      sha256: "3b17b59b6d66f9d3e6014996f089902d56cec5760e051c353cc387b9da577652"
      url: "https://pub.dev"
    source: hosted
    version: "3.1.1"
  built_collection:
    dependency: transitive
    description:
      name: built_collection
      sha256: "376e3dd27b51ea877c28d525560790aee2e6fbb5f20e2f85d5081027d94e2100"
      url: "https://pub.dev"
    source: hosted
    version: "5.1.1"
  built_value:
    dependency: transitive
    description:
      name: built_value
      sha256: "6ae8a6435a8c6520c7077b107e77f1fb4ba7009633259a4d49a8afd8e7efc5e9"
      url: "https://pub.dev"
    source: hosted
    version: "8.12.4"
  characters:
    dependency: transitive
    description:
      name: characters
      sha256: faf38497bda5ead2a8c7615f4f7939df04333478bf32e4173fcb06d428b5716b
      url: "https://pub.dev"
    source: hosted
    version: "1.4.1"
  charcode:
    dependency: transitive
    description:
      name: charcode
      sha256: fb0f1107cac15a5ea6ef0a6ef71a807b9e4267c713bb93e00e92d737cc8dbd8a
      url: "https://pub.dev"
    source: hosted
    version: "1.4.0"
  checked_yaml:
    dependency: transitive
    description:
      name: checked_yaml
      sha256: "959525d3162f249993882720d52b7e0c833978df229be20702b33d48d91de70f"
      url: "https://pub.dev"
    source: hosted
    version: "2.0.4"
  chunked_stream:
    dependency: transitive
    description:
      name: chunked_stream
      sha256: b2fde5f81d780f0c1699b8347cae2e413412ae947fc6e64727cc48c6bb54c95c
      url: "https://pub.dev"
    source: hosted
    version: "1.4.2"
  cli_config:
    dependency: transitive
    description:
      name: cli_config
      sha256: ac20a183a07002b700f0c25e61b7ee46b23c309d76ab7b7640a028f18e4d99ec
      url: "https://pub.dev"
    source: hosted
    version: "0.2.0"
  cli_pkg:
    dependency: transitive
    description:
      name: cli_pkg
      sha256: "8343ec3b11f163ab105687d6bad5432ef49b95d15137ec44a28c8cef918b5150"
      url: "https://pub.dev"
    source: hosted
    version: "2.15.1"
  cli_repl:
    dependency: transitive
    description:
      name: cli_repl
      sha256: a2ee06d98f211cb960c777519cb3d14e882acd90fe5e078668e3ab4baab0ddd4
      url: "https://pub.dev"
    source: hosted
    version: "0.2.3"
  cli_util:
    dependency: transitive
    description:
      name: cli_util
      sha256: ff6785f7e9e3c38ac98b2fb035701789de90154024a75b6cb926445e83197d1c
      url: "https://pub.dev"
    source: hosted
    version: "0.4.2"
  clock:
    dependency: transitive
    description:
      name: clock
      sha256: fddb70d9b5277016c77a80201021d40a2247104d9f4aa7bab7157b7e3f05b84b
      url: "https://pub.dev"
    source: hosted
    version: "1.1.2"
  code_builder:
    dependency: transitive
    description:
      name: code_builder
      sha256: "6a6cab2ba4680d6423f34a9b972a4c9a94ebe1b62ecec4e1a1f2cba91fd1319d"
      url: "https://pub.dev"
    source: hosted
    version: "4.11.1"
  collection:
    dependency: transitive
    description:
      name: collection
      sha256: "2f5709ae4d3d59dd8f7cd309b4e023046b57d8a6c82130785d2b0e5868084e76"
      url: "https://pub.dev"
    source: hosted
    version: "1.19.1"
  convert:
    dependency: transitive
    description:
      name: convert
      sha256: b30acd5944035672bc15c6b7a8b47d773e41e2f17de064350988c5d02adb1c68
      url: "https://pub.dev"
    source: hosted
    version: "3.1.2"
  coverage:
    dependency: transitive
    description:
      name: coverage
      sha256: "5da775aa218eaf2151c721b16c01c7676fbfdd99cebba2bf64e8b807a28ff94d"
      url: "https://pub.dev"
    source: hosted
    version: "1.15.0"
  crypto:
    dependency: transitive
    description:
      name: crypto
      sha256: c8ea0233063ba03258fbcf2ca4d6dadfefe14f02fab57702265467a19f27fadf
      url: "https://pub.dev"
    source: hosted
    version: "3.0.7"
  csslib:
    dependency: transitive
    description:
      name: csslib
      sha256: "09bad715f418841f976c77db72d5398dc1253c21fb9c0c7f0b0b985860b2d58e"
      url: "https://pub.dev"
    source: hosted
    version: "1.0.2"
  dart_style:
    dependency: transitive
    description:
      name: dart_style
      sha256: a9c30492da18ff84efe2422ba2d319a89942d93e58eb0b73d32abe822ef54b7b
      url: "https://pub.dev"
    source: hosted
    version: "3.1.3"
  fake_async:
    dependency: transitive
    description:
      name: fake_async
      sha256: "5368f224a74523e8d2e7399ea1638b37aecfca824a3cc4dfdf77bf1fa905ac44"
      url: "https://pub.dev"
    source: hosted
    version: "1.3.3"
  ffi:
    dependency: transitive
    description:
      name: ffi
      sha256: "6d7fd89431262d8f3125e81b50d3847a091d846eafcd4fdb88dd06f36d705a45"
      url: "https://pub.dev"
    source: hosted
    version: "2.2.0"
  file:
    dependency: transitive
    description:
      name: file
      sha256: a3b4f84adafef897088c160faf7dfffb7696046cb13ae90b508c2cbc95d3b8d4
      url: "https://pub.dev"
    source: hosted
    version: "7.0.1"
  fixnum:
    dependency: transitive
    description:
      name: fixnum
      sha256: b6dc7065e46c974bc7c5f143080a6764ec7a4be6da1285ececdc37be96de53be
      url: "https://pub.dev"
    source: hosted
    version: "1.1.1"
  frontend_server_client:
    dependency: transitive
    description:
      name: frontend_server_client
      sha256: f64a0333a82f30b0cca061bc3d143813a486dc086b574bfb233b7c1372427694
      url: "https://pub.dev"
    source: hosted
    version: "4.0.0"
  gcloud:
    dependency: transitive
    description:
      name: gcloud
      sha256: caa415a0145ec8afac457322872c3e8b38379a88800d2944c53798ea8fbce386
      url: "https://pub.dev"
    source: hosted
    version: "0.8.19"
  glob:
    dependency: transitive
    description:
      name: glob
      sha256: c3f1ee72c96f8f78935e18aa8cecced9ab132419e8625dc187e1c2408efc20de
      url: "https://pub.dev"
    source: hosted
    version: "2.1.3"
  google_cloud:
    dependency: transitive
    description:
      name: google_cloud
      sha256: "76a1552170210c8a51500d555e93b526f92ab2a86aadbebd8b8d5f3d83a97c29"
      url: "https://pub.dev"
    source: hosted
    version: "0.3.0"
  google_identity_services_web:
    dependency: transitive
    description:
      name: google_identity_services_web
      sha256: "5d187c46dc59e02646e10fe82665fc3884a9b71bc1c90c2b8b749316d33ee454"
      url: "https://pub.dev"
    source: hosted
    version: "0.3.3+1"
  googleapis:
    dependency: transitive
    description:
      name: googleapis
      sha256: "5c9e0f25be1dec13d8d2158263141104c51b5ba83487537c17a2330581e505ee"
      url: "https://pub.dev"
    source: hosted
    version: "14.0.0"
  googleapis_auth:
    dependency: transitive
    description:
      name: googleapis_auth
      sha256: "3d84a0c47f98cc9bc59a6b8fc0ffd82c0fc803ead3971e4a2af943bd166953ae"
      url: "https://pub.dev"
    source: hosted
    version: "2.1.0"
  graphs:
    dependency: transitive
    description:
      name: graphs
      sha256: "741bbf84165310a68ff28fe9e727332eef1407342fca52759cb21ad8177bb8d0"
      url: "https://pub.dev"
    source: hosted
    version: "2.3.2"
  grinder:
    dependency: transitive
    description:
      name: grinder
      sha256: e1996e485d2b56bb164a8585679758d488fbf567273f51c432c8733fee1f6188
      url: "https://pub.dev"
    source: hosted
    version: "0.9.5"
  grpc:
    dependency: transitive
    description:
      name: grpc
      sha256: "2dde469ddd8bbd7a33a0765da417abe1ad2142813efce3a86c512041294e2b26"
      url: "https://pub.dev"
    source: hosted
    version: "4.1.0"
  html:
    dependency: transitive
    description:
      name: html
      sha256: "6d1264f2dffa1b1101c25a91dff0dc2daee4c18e87cd8538729773c073dbf602"
      url: "https://pub.dev"
    source: hosted
    version: "0.15.6"
  http:
    dependency: transitive
    description:
      name: http
      sha256: "87721a4a50b19c7f1d49001e51409bddc46303966ce89a65af4f4e6004896412"
      url: "https://pub.dev"
    source: hosted
    version: "1.6.0"
  http2:
    dependency: transitive
    description:
      name: http2
      sha256: "382d3aefc5bd6dc68c6b892d7664f29b5beb3251611ae946a98d35158a82bbfa"
      url: "https://pub.dev"
    source: hosted
    version: "2.3.1"
  http_methods:
    dependency: transitive
    description:
      name: http_methods
      sha256: "6bccce8f1ec7b5d701e7921dca35e202d425b57e317ba1a37f2638590e29e566"
      url: "https://pub.dev"
    source: hosted
    version: "1.1.1"
  http_multi_server:
    dependency: transitive
    description:
      name: http_multi_server
      sha256: aa6199f908078bb1c5efb8d8638d4ae191aac11b311132c3ef48ce352fb52ef8
      url: "https://pub.dev"
    source: hosted
    version: "3.2.2"
  http_parser:
    dependency: transitive
    description:
      name: http_parser
      sha256: "178d74305e7866013777bab2c3d8726205dc5a4dd935297175b19a23a2e66571"
      url: "https://pub.dev"
    source: hosted
    version: "4.1.2"
  intl:
    dependency: transitive
    description:
      name: intl
      sha256: "3df61194eb431efc39c4ceba583b95633a403f46c9fd341e550ce0bfa50e9aa5"
      url: "https://pub.dev"
    source: hosted
    version: "0.20.2"
  io:
    dependency: transitive
    description:
      name: io
      sha256: dfd5a80599cf0165756e3181807ed3e77daf6dd4137caaad72d0b7931597650b
      url: "https://pub.dev"
    source: hosted
    version: "1.0.5"
  js:
    dependency: transitive
    description:
      name: js
      sha256: f2c445dce49627136094980615a031419f7f3eb393237e4ecd97ac15dea343f3
      url: "https://pub.dev"
    source: hosted
    version: "0.6.7"
  json_annotation:
    dependency: transitive
    description:
      name: json_annotation
      sha256: "1ce844379ca14835a50d2f019a3099f419082cfdd231cd86a142af94dd5c6bb1"
      url: "https://pub.dev"
    source: hosted
    version: "4.9.0"
  json_serializable:
    dependency: transitive
    description:
      name: json_serializable
      sha256: c5b2ee75210a0f263c6c7b9eeea80553dbae96ea1bf57f02484e806a3ffdffa3
      url: "https://pub.dev"
    source: hosted
    version: "6.11.2"
  jsontool:
    dependency: transitive
    description:
      name: jsontool
      sha256: e49bf419e82d90f009426cd7fdec8d54ba8382975b3454ed16a3af3ee1d1b697
      url: "https://pub.dev"
    source: hosted
    version: "2.1.0"
  lcov_dart:
    dependency: transitive
    description:
      name: lcov_dart
      sha256: "69cc9dfcceb01245e1e35371e6d364242c20da896c7b8c44163cb2e7a6804014"
      url: "https://pub.dev"
    source: hosted
    version: "7.0.0"
  lints:
    dependency: "direct dev"
    description:
      name: lints
      sha256: "12f842a479589fea194fe5c5a3095abc7be0c1f2ddfa9a0e76aed1dbd26a87df"
      url: "https://pub.dev"
    source: hosted
    version: "6.1.0"
  logging:
    dependency: transitive
    description:
      name: logging
      sha256: c8245ada5f1717ed44271ed1c26b8ce85ca3228fd2ffdb75468ab01979309d61
      url: "https://pub.dev"
    source: hosted
    version: "1.3.0"
  mailer:
    dependency: transitive
    description:
      name: mailer
      sha256: c3b934c0e800ddc946167c0123a900eba5acd009abb73648d0191a742542f2b4
      url: "https://pub.dev"
    source: hosted
    version: "6.6.0"
  markdown:
    dependency: transitive
    description:
      name: markdown
      sha256: "935e23e1ff3bc02d390bad4d4be001208ee92cc217cb5b5a6c19bc14aaa318c1"
      url: "https://pub.dev"
    source: hosted
    version: "7.3.0"
  matcher:
    dependency: transitive
    description:
      name: matcher
      sha256: "12956d0ad8390bbcc63ca2e1469c0619946ccb52809807067a7020d57e647aa6"
      url: "https://pub.dev"
    source: hosted
    version: "0.12.18"
  mdc_web:
    dependency: transitive
    description:
      name: mdc_web
      sha256: c0da8278636bab76f6240a0c6542c94873d96f2b53fabe711f60f276b264b632
      url: "https://pub.dev"
    source: hosted
    version: "0.6.0"
  meta:
    dependency: transitive
    description:
      name: meta
      sha256: "9f29b9bcc8ee287b1a31e0d01be0eae99a930dbffdaecf04b3f3d82a969f296f"
      url: "https://pub.dev"
    source: hosted
    version: "1.18.1"
  mime:
    dependency: transitive
    description:
      name: mime
      sha256: "41a20518f0cb1256669420fdba0cd90d21561e560ac240f26ef8322e45bb7ed6"
      url: "https://pub.dev"
    source: hosted
    version: "2.0.0"
  native_stack_traces:
    dependency: transitive
    description:
      name: native_stack_traces
      sha256: d34cf916db87b14d39465b3e3b4b4a8ee1f304bde6ed7605571e34802e3d6a11
      url: "https://pub.dev"
    source: hosted
    version: "0.6.1"
  native_synchronization:
    dependency: transitive
    description:
      name: native_synchronization
      sha256: "047fa3665d611e178edc167e56166714f125750f064d20216892f1cca69d9d1d"
      url: "https://pub.dev"
    source: hosted
    version: "0.3.1"
  neat_cache:
    dependency: transitive
    description:
      name: neat_cache
      sha256: "02ce0965835a4e0bb3021a49156b38c0f943642404fbf959cb2d3345168875d9"
      url: "https://pub.dev"
    source: hosted
    version: "2.0.5"
  neat_periodic_task:
    dependency: transitive
    description:
      name: neat_periodic_task
      sha256: e0dda74c996781e154f6145028dbacbcd9dbef242f5a140fa774e39381c2bf97
      url: "https://pub.dev"
    source: hosted
    version: "2.0.1"
  node_interop:
    dependency: transitive
    description:
      name: node_interop
      sha256: "4848ac408c0cdd0f70136b755df816a8e4c96c244e5377a3fb3b8f8950666150"
      url: "https://pub.dev"
    source: hosted
    version: "2.2.0"
  node_preamble:
    dependency: transitive
    description:
      name: node_preamble
      sha256: "6e7eac89047ab8a8d26cf16127b5ed26de65209847630400f9aefd7cd5c730db"
      url: "https://pub.dev"
    source: hosted
    version: "2.0.2"
  oauth2:
    dependency: transitive
    description:
      name: oauth2
      sha256: "890a032ba1b44fa8dcfeba500e613df0ecbe16aeace13bb0fe1d25eb42cda5b8"
      url: "https://pub.dev"
    source: hosted
    version: "2.0.5"
  package_config:
    dependency: transitive
    description:
      name: package_config
      sha256: f096c55ebb7deb7e384101542bfba8c52696c1b56fca2eb62827989ef2353bbc
      url: "https://pub.dev"
    source: hosted
    version: "2.2.0"
  pana:
    dependency: transitive
    description:
      name: pana
      sha256: d7bd85f18a14909f0baab69a13895dc4ff163be51c9884f73a506982adeac57d
      url: "https://pub.dev"
    source: hosted
    version: "0.23.10"
  path:
    dependency: transitive
    description:
      name: path
      sha256: "75cca69d1490965be98c73ceaea117e8a04dd21217b37b292c9ddbec0d955bc5"
      url: "https://pub.dev"
    source: hosted
    version: "1.9.1"
  pem:
    dependency: transitive
    description:
      name: pem
      sha256: e66b389cbb007fa5860d511f08ea604ea68e78afc4e1b543dc227a0f0ef4faf9
      url: "https://pub.dev"
    source: hosted
    version: "2.0.6"
  petitparser:
    dependency: transitive
    description:
      name: petitparser
      sha256: "91bd59303e9f769f108f8df05e371341b15d59e995e6806aefab827b58336675"
      url: "https://pub.dev"
    source: hosted
    version: "7.0.2"
  pool:
    dependency: transitive
    description:
      name: pool
      sha256: "978783255c543aa3586a1b3c21f6e9d720eb315376a915872c61ef8b5c20177d"
      url: "https://pub.dev"
    source: hosted
    version: "1.5.2"
  posix:
    dependency: transitive
    description:
      name: posix
      sha256: "185ef7606574f789b40f289c233efa52e96dead518aed988e040a10737febb07"
      url: "https://pub.dev"
    source: hosted
    version: "6.5.0"
  postgres:
    dependency: transitive
    description:
      name: postgres
      sha256: fefbbfe749c6130e5096588b9c4459173684c695952cd7636ab19be76f255469
      url: "https://pub.dev"
    source: hosted
    version: "3.5.9"
  protobuf:
    dependency: transitive
    description:
      name: protobuf
      sha256: "68645b24e0716782e58948f8467fd42a880f255096a821f9e7d0ec625b00c84d"
      url: "https://pub.dev"
    source: hosted
    version: "3.1.0"
  pub_semver:
    dependency: transitive
    description:
      name: pub_semver
      sha256: "5bfcf68ca79ef689f8990d1160781b4bad40a3bd5e5218ad4076ddb7f4081585"
      url: "https://pub.dev"
    source: hosted
    version: "2.2.0"
  pubspec_parse:
    dependency: transitive
    description:
      name: pubspec_parse
      sha256: "0560ba233314abbed0a48a2956f7f022cce7c3e1e73df540277da7544cad4082"
      url: "https://pub.dev"
    source: hosted
    version: "1.5.0"
  puppeteer:
    dependency: transitive
    description:
      name: puppeteer
      sha256: "08b0fe9e119c0feec72c9a519f973119b1fc336c28576f3be8e42c6244269ed0"
      url: "https://pub.dev"
    source: hosted
    version: "3.20.0"
  retry:
    dependency: transitive
    description:
      name: retry
      sha256: "822e118d5b3aafed083109c72d5f484c6dc66707885e07c0fbcb8b986bba7efc"
      url: "https://pub.dev"
    source: hosted
    version: "3.1.2"
  safe_url_check:
    dependency: transitive
    description:
      name: safe_url_check
      sha256: "49a3e060a7869cbafc8f4845ca1ecbbaaa53179980a32f4fdfeab1607e90f41d"
      url: "https://pub.dev"
    source: hosted
    version: "1.1.2"
  sanitize_html:
    dependency: transitive
    description:
      name: sanitize_html
      sha256: "12669c4a913688a26555323fb9cec373d8f9fbe091f2d01c40c723b33caa8989"
      url: "https://pub.dev"
    source: hosted
    version: "2.1.0"
  sass:
    dependency: transitive
    description:
      name: sass
      sha256: "8d7b1a1fd61e843667208ea3e05e35f3e1a8958e850638afd518e2b785e82a73"
      url: "https://pub.dev"
    source: hosted
    version: "1.87.0"
  shelf:
    dependency: transitive
    description:
      name: shelf
      sha256: e7dd780a7ffb623c57850b33f43309312fc863fb6aa3d276a754bb299839ef12
      url: "https://pub.dev"
    source: hosted
    version: "1.4.2"
  shelf_packages_handler:
    dependency: transitive
    description:
      name: shelf_packages_handler
      sha256: "89f967eca29607c933ba9571d838be31d67f53f6e4ee15147d5dc2934fee1b1e"
      url: "https://pub.dev"
    source: hosted
    version: "3.0.2"
  shelf_router:
    dependency: transitive
    description:
      name: shelf_router
      sha256: f5e5d492440a7fb165fe1e2e1a623f31f734d3370900070b2b1e0d0428d59864
      url: "https://pub.dev"
    source: hosted
    version: "1.1.4"
  shelf_router_generator:
    dependency: transitive
    description:
      name: shelf_router_generator
      sha256: "310416e0eb5a96c8b27f2586367f07b09dc480af06485c1f7951bbed1e8b8b08"
      url: "https://pub.dev"
    source: hosted
    version: "1.1.3"
  shelf_static:
    dependency: transitive
    description:
      name: shelf_static
      sha256: c87c3875f91262785dade62d135760c2c69cb217ac759485334c5857ad89f6e3
      url: "https://pub.dev"
    source: hosted
    version: "1.1.3"
  shelf_web_socket:
    dependency: transitive
    description:
      name: shelf_web_socket
      sha256: "3632775c8e90d6c9712f883e633716432a27758216dfb61bd86a8321c0580925"
      url: "https://pub.dev"
    source: hosted
    version: "3.0.0"
  slugid:
    dependency: transitive
    description:
      name: slugid
      sha256: e0cc54637b666c9c590f0d76df76e5e2bbf6234ae398a182aac82fd70ddd60ab
      url: "https://pub.dev"
    source: hosted
    version: "1.1.2"
  source_gen:
    dependency: transitive
    description:
      name: source_gen
      sha256: "1d562a3c1f713904ebbed50d2760217fd8a51ca170ac4b05b0db490699dbac17"
      url: "https://pub.dev"
    source: hosted
    version: "4.2.0"
  source_helper:
    dependency: transitive
    description:
      name: source_helper
      sha256: "6a3c6cc82073a8797f8c4dc4572146114a39652851c157db37e964d9c7038723"
      url: "https://pub.dev"
    source: hosted
    version: "1.3.8"
  source_map_stack_trace:
    dependency: transitive
    description:
      name: source_map_stack_trace
      sha256: c0713a43e323c3302c2abe2a1cc89aa057a387101ebd280371d6a6c9fa68516b
      url: "https://pub.dev"
    source: hosted
    version: "2.1.2"
  source_maps:
    dependency: transitive
    description:
      name: source_maps
      sha256: "190222579a448b03896e0ca6eca5998fa810fda630c1d65e2f78b3f638f54812"
      url: "https://pub.dev"
    source: hosted
    version: "0.10.13"
  source_span:
    dependency: transitive
    description:
      name: source_span
      sha256: "56a02f1f4cd1a2d96303c0144c93bd6d909eea6bee6bf5a0e0b685edbd4c47ab"
      url: "https://pub.dev"
    source: hosted
    version: "1.10.2"
  sqlite3:
    dependency: transitive
    description:
      name: sqlite3
      sha256: "3145bd74dcdb4fd6f5c6dda4d4e4490a8087d7f286a14dee5d37087290f0f8a2"
      url: "https://pub.dev"
    source: hosted
    version: "2.9.4"
  stack_trace:
    dependency: transitive
    description:
      name: stack_trace
      sha256: "8b27215b45d22309b5cddda1aa2b19bdfec9df0e765f2de506401c071d38d1b1"
      url: "https://pub.dev"
    source: hosted
    version: "1.12.1"
  stream_channel:
    dependency: transitive
    description:
      name: stream_channel
      sha256: "969e04c80b8bcdf826f8f16579c7b14d780458bd97f56d107d3950fdbeef059d"
      url: "https://pub.dev"
    source: hosted
    version: "2.1.4"
  stream_transform:
    dependency: transitive
    description:
      name: stream_transform
      sha256: ad47125e588cfd37a9a7f86c7d6356dde8dfe89d071d293f80ca9e9273a33871
      url: "https://pub.dev"
    source: hosted
    version: "2.1.1"
  string_scanner:
    dependency: transitive
    description:
      name: string_scanner
      sha256: "921cd31725b72fe181906c6a94d987c78e3b98c2e205b397ea399d4054872b43"
      url: "https://pub.dev"
    source: hosted
    version: "1.4.1"
  tar:
    dependency: transitive
    description:
      name: tar
      sha256: b338bacfd24dae6cf527acb4242003a71fc88ce183a9002376fabbc4ebda30c9
      url: "https://pub.dev"
    source: hosted
    version: "2.0.2"
  term_glyph:
    dependency: transitive
    description:
      name: term_glyph
      sha256: "7f554798625ea768a7518313e58f83891c7f5024f88e46e7182a4558850a4b8e"
      url: "https://pub.dev"
    source: hosted
    version: "1.2.2"
  test:
    dependency: transitive
    description:
      name: test
      sha256: "54c516bbb7cee2754d327ad4fca637f78abfc3cbcc5ace83b3eda117e42cd71a"
      url: "https://pub.dev"
    source: hosted
    version: "1.29.0"
  test_api:
    dependency: transitive
    description:
      name: test_api
      sha256: "93167629bfc610f71560ab9312acdda4959de4df6fac7492c89ff0d3886f6636"
      url: "https://pub.dev"
    source: hosted
    version: "0.7.9"
  test_core:
    dependency: transitive
    description:
      name: test_core
      sha256: "394f07d21f0f2255ec9e3989f21e54d3c7dc0e6e9dbce160e5a9c1a6be0e2943"
      url: "https://pub.dev"
    source: hosted
    version: "0.6.15"
  test_process:
    dependency: transitive
    description:
      name: test_process
      sha256: ea79c090deffc87d8276a5d28bb498d080a9873be6b1074d9dcfb82eb87e138e
      url: "https://pub.dev"
    source: hosted
    version: "2.1.1"
  typed_data:
    dependency: transitive
    description:
      name: typed_data
      sha256: f9049c039ebfeb4cf7a7104a675823cd72dba8297f264b6637062516699fa006
      url: "https://pub.dev"
    source: hosted
    version: "1.4.0"
  typed_sql:
    dependency: transitive
    description:
      name: typed_sql
      sha256: fd05a4672e73f2f49bdfcaa5393ca68e0ce9ca4e4c15f60cf3585e157953d112
      url: "https://pub.dev"
    source: hosted
    version: "0.1.4"
  ulid:
    dependency: transitive
    description:
      name: ulid
      sha256: "6d1f44802679bc3e3cc824045546af2bf26b1d8d0551f45457fedb6c827409ba"
      url: "https://pub.dev"
    source: hosted
    version: "2.0.1"
  uuid:
    dependency: transitive
    description:
      name: uuid
      sha256: "1fef9e8e11e2991bb773070d4656b7bd5d850967a2456cfc83cf47925ba79489"
      url: "https://pub.dev"
    source: hosted
    version: "4.5.3"
  vm_service:
    dependency: transitive
    description:
      name: vm_service
      sha256: "45caa6c5917fa127b5dbcfbd1fa60b14e583afdc08bfc96dda38886ca252eb60"
      url: "https://pub.dev"
    source: hosted
    version: "15.0.2"
  watcher:
    dependency: transitive
    description:
      name: watcher
      sha256: "1398c9f081a753f9226febe8900fce8f7d0a67163334e1c94a2438339d79d635"
      url: "https://pub.dev"
    source: hosted
    version: "1.2.1"
  web:
    dependency: transitive
    description:
      name: web
      sha256: "868d88a33d8a87b18ffc05f9f030ba328ffefba92d6c127917a2ba740f9cfe4a"
      url: "https://pub.dev"
    source: hosted
    version: "1.1.1"
  web_socket:
    dependency: transitive
    description:
      name: web_socket
      sha256: "34d64019aa8e36bf9842ac014bb5d2f5586ca73df5e4d9bf5c936975cae6982c"
      url: "https://pub.dev"
    source: hosted
    version: "1.0.1"
  web_socket_channel:
    dependency: transitive
    description:
      name: web_socket_channel
      sha256: d645757fb0f4773d602444000a8131ff5d48c9e47adfe9772652dd1a4f2d45c8
      url: "https://pub.dev"
    source: hosted
    version: "3.0.3"
  webkit_inspection_protocol:
    dependency: transitive
    description:
      name: webkit_inspection_protocol
      sha256: "87d3f2333bb240704cd3f1c6b5b7acd8a10e7f0bc28c28dcf14e782014f4a572"
      url: "https://pub.dev"
    source: hosted
    version: "1.2.1"
  xml:
    dependency: transitive
    description:
      name: xml
      sha256: "971043b3a0d3da28727e40ed3e0b5d18b742fa5a68665cca88e74b7876d5e025"
      url: "https://pub.dev"
    source: hosted
    version: "6.6.1"
  yaml:
    dependency: transitive
    description:
      name: yaml
      sha256: b9da305ac7c39faa3f030eccd175340f968459dae4af175130b3fc47e40d76ce
      url: "https://pub.dev"
    source: hosted
    version: "3.1.3"
  yaml_edit:
    dependency: transitive
    description:
      name: yaml_edit
      sha256: "07c9e63ba42519745182b88ca12264a7ba2484d8239958778dfe4d44fe760488"
      url: "https://pub.dev"
    source: hosted
    version: "2.2.4"
sdks:
  dart: ">=3.10.0 <4.0.0"
