# Generated by pub
# See http://pub.dartlang.org/doc/glossary.html#lockfile
packages:
  analyzer:
    description: analyzer
    source: hosted
    version: "0.22.4"
  appengine:
    description: appengine
    source: hosted
    version: "0.2.5"
  args:
    description: args
    source: hosted
    version: "0.12.2+2"
  collection:
    description: collection
    source: hosted
    version: "1.1.0"
  crypto:
    description: crypto
    source: hosted
    version: "0.9.0"
  fixnum:
    description: fixnum
    source: hosted
    version: "0.9.1"
  gcloud:
    description: gcloud
    source: hosted
    version: "0.1.3+1"
  googleapis:
    description: googleapis
    source: hosted
    version: "0.5.4"
  googleapis_auth:
    description: googleapis_auth
    source: hosted
    version: "0.2.2"
  googleapis_beta:
    description: googleapis_beta
    source: hosted
    version: "0.5.2"
  http:
    description: http
    source: hosted
    version: "0.11.1+1"
  http_parser:
    description: http_parser
    source: hosted
    version: "0.0.2+5"
  http_server:
    description: http_server
    source: hosted
    version: "0.9.5+1"
  intl:
    description: intl
    source: hosted
    version: "0.11.12"
  logging:
    description: logging
    source: hosted
    version: "0.9.3"
  markdown:
    description: markdown
    source: hosted
    version: "0.7.1+2"
  matcher:
    description: matcher
    source: hosted
    version: "0.11.4"
  memcache:
    description: memcache
    source: hosted
    version: "0.1.0"
  mime:
    description: mime
    source: hosted
    version: "0.9.1"
  mustache:
    description:
      path: "../pkg/mustache"
      relative: true
    source: path
    version: "0.1.8"
  path:
    description: path
    source: hosted
    version: "1.3.1"
  petitparser:
    description: petitparser
    source: hosted
    version: "1.3.3"
  protobuf:
    description: protobuf
    source: hosted
    version: "0.3.4"
  pub_semver:
    description: pub_semver
    source: hosted
    version: "1.1.0"
  pubserver:
    description:
      path: "../pkg/pubserver"
      relative: true
    source: path
    version: "0.1.0"
  shelf:
    description: shelf
    source: hosted
    version: "0.5.7"
  source_span:
    description: source_span
    source: hosted
    version: "1.0.2"
  stack_trace:
    description: stack_trace
    source: hosted
    version: "1.1.1"
  string_scanner:
    description: string_scanner
    source: hosted
    version: "0.1.3"
  unittest:
    description: unittest
    source: hosted
    version: "0.11.5"
  watcher:
    description: watcher
    source: hosted
    version: "0.9.3"
  yaml:
    description: yaml
    source: hosted
    version: "2.1.2"
