# Generated by pub
# See http://pub.dartlang.org/doc/glossary.html#lockfile
packages:
  _discoveryapis_commons:
    description:
      path: "../pkg/_discoveryapis_commons"
      relative: true
    source: path
    version: "0.1.4"
  _popularity:
    description:
      path: "../pkg/_popularity"
      relative: true
    source: path
    version: "0.0.0"
  analyzer:
    description:
      path: "../pkg/analyzer"
      relative: true
    source: path
    version: "0.30.0+4"
  appengine:
    description:
      path: "../pkg/appengine"
      relative: true
    source: path
    version: "0.4.2"
  archive:
    description:
      path: "../pkg/archive"
      relative: true
    source: path
    version: "1.0.31"
  args:
    description:
      path: "../pkg/args"
      relative: true
    source: path
    version: "0.13.7"
  async:
    description:
      path: "../pkg/async"
      relative: true
    source: path
    version: "1.13.3"
  barback:
    description:
      path: "../pkg/barback"
      relative: true
    source: path
    version: "0.15.2+13"
  boolean_selector:
    description:
      path: "../pkg/boolean_selector"
      relative: true
    source: path
    version: "1.0.2"
  build:
    description:
      path: "../pkg/build"
      relative: true
    source: path
    version: "0.10.2+1"
  build_barback:
    description:
      path: "../pkg/build_barback"
      relative: true
    source: path
    version: "0.4.0+1"
  build_runner:
    description:
      path: "../pkg/build_runner"
      relative: true
    source: path
    version: "0.5.0"
  charcode:
    description:
      path: "../pkg/charcode"
      relative: true
    source: path
    version: "1.1.1"
  cli_util:
    description:
      path: "../pkg/cli_util"
      relative: true
    source: path
    version: "0.1.2+1"
  code_transformers:
    description:
      path: "../pkg/code_transformers"
      relative: true
    source: path
    version: "0.5.1+3"
  collection:
    description:
      path: "../pkg/collection"
      relative: true
    source: path
    version: "1.14.3"
  convert:
    description:
      path: "../pkg/convert"
      relative: true
    source: path
    version: "2.0.1"
  crypto:
    description:
      path: "../pkg/crypto"
      relative: true
    source: path
    version: "2.0.2+1"
  csslib:
    description:
      path: "../pkg/csslib"
      relative: true
    source: path
    version: "0.14.1"
  dart_style:
    description:
      path: "../pkg/dart_style"
      relative: true
    source: path
    version: "1.0.8"
  fixnum:
    description:
      path: "../pkg/fixnum"
      relative: true
    source: path
    version: "0.10.6"
  front_end:
    description:
      path: "../pkg/front_end"
      relative: true
    source: path
    version: "0.1.0-alpha.4.1"
  gcloud:
    description:
      path: "../pkg/gcloud"
      relative: true
    source: path
    version: "0.4.0+1"
  glob:
    description:
      path: "../pkg/glob"
      relative: true
    source: path
    version: "1.1.5"
  googleapis:
    description:
      path: "../pkg/googleapis"
      relative: true
    source: path
    version: "0.36.0"
  googleapis_auth:
    description:
      path: "../pkg/googleapis_auth"
      relative: true
    source: path
    version: "0.2.3+6"
  googleapis_beta:
    description:
      path: "../pkg/googleapis_beta"
      relative: true
    source: path
    version: "0.39.2"
  html:
    description:
      path: "../pkg/html"
      relative: true
    source: path
    version: "0.13.2"
  http:
    description:
      path: "../pkg/http"
      relative: true
    source: path
    version: "0.11.3+16"
  http2:
    description:
      path: "../pkg/http2"
      relative: true
    source: path
    version: "0.1.5"
  http_multi_server:
    description:
      path: "../pkg/http_multi_server"
      relative: true
    source: path
    version: "2.0.4"
  http_parser:
    description:
      path: "../pkg/http_parser"
      relative: true
    source: path
    version: "3.1.1"
  http_server:
    description:
      path: "../pkg/http_server"
      relative: true
    source: path
    version: "0.9.6"
  intl:
    description:
      path: "../pkg/intl"
      relative: true
    source: path
    version: "0.15.2"
  io:
    description:
      path: "../pkg/io"
      relative: true
    source: path
    version: "0.3.0"
  isolate:
    description:
      path: "../pkg/isolate"
      relative: true
    source: path
    version: "1.1.0"
  js:
    description:
      path: "../pkg/js"
      relative: true
    source: path
    version: "0.6.1"
  json_annotation:
    description:
      path: "../pkg/json_annotation"
      relative: true
    source: path
    version: "0.2.0"
  json_serializable:
    description:
      path: "../pkg/json_serializable"
      relative: true
    source: path
    version: "0.2.4+1"
  kernel:
    description:
      path: "../pkg/kernel"
      relative: true
    source: path
    version: "0.3.0-alpha.1.1"
  logging:
    description:
      path: "../pkg/logging"
      relative: true
    source: path
    version: "0.11.3+1"
  markdown:
    description:
      path: "../pkg/markdown"
      relative: true
    source: path
    version: "0.11.4"
  matcher:
    description:
      path: "../pkg/matcher"
      relative: true
    source: path
    version: "0.12.1+4"
  memcache:
    description:
      path: "../pkg/memcache"
      relative: true
    source: path
    version: "0.2.1+1"
  meta:
    description:
      path: "../pkg/meta"
      relative: true
    source: path
    version: "1.1.2"
  mime:
    description:
      path: "../pkg/mime"
      relative: true
    source: path
    version: "0.9.4"
  mustache:
    description:
      path: "../pkg/mustache"
      relative: true
    source: path
    version: "0.2.5+1"
  node_preamble:
    description:
      path: "../pkg/node_preamble"
      relative: true
    source: path
    version: "1.4.0"
  package_config:
    description:
      path: "../pkg/package_config"
      relative: true
    source: path
    version: "1.0.3"
  package_resolver:
    description:
      path: "../pkg/package_resolver"
      relative: true
    source: path
    version: "1.0.2"
  pana:
    description:
      path: "../pkg/pana"
      relative: true
    source: path
    version: "0.5.1"
  path:
    description:
      path: "../pkg/path"
      relative: true
    source: path
    version: "1.4.2"
  plugin:
    description:
      path: "../pkg/plugin"
      relative: true
    source: path
    version: "0.2.0+2"
  pool:
    description:
      path: "../pkg/pool"
      relative: true
    source: path
    version: "1.3.3"
  protobuf:
    description:
      path: "../pkg/protobuf"
      relative: true
    source: path
    version: "0.5.5"
  pub_semver:
    description:
      path: "../pkg/pub_semver"
      relative: true
    source: path
    version: "1.3.2"
  pub_server:
    description:
      path: "../pkg/pub_server"
      relative: true
    source: path
    version: "0.1.2"
  quiver:
    description:
      path: "../pkg/quiver"
      relative: true
    source: path
    version: "0.25.0"
  shelf:
    description:
      path: "../pkg/shelf"
      relative: true
    source: path
    version: "0.7.1"
  shelf_packages_handler:
    description:
      path: "../pkg/shelf_packages_handler"
      relative: true
    source: path
    version: "1.0.3"
  shelf_static:
    description:
      path: "../pkg/shelf_static"
      relative: true
    source: path
    version: "0.2.6"
  shelf_web_socket:
    description:
      path: "../pkg/shelf_web_socket"
      relative: true
    source: path
    version: "0.2.2"
  source_gen:
    description:
      path: "../pkg/source_gen"
      relative: true
    source: path
    version: "0.7.2"
  source_map_stack_trace:
    description:
      path: "../pkg/source_map_stack_trace"
      relative: true
    source: path
    version: "1.1.4"
  source_maps:
    description:
      path: "../pkg/source_maps"
      relative: true
    source: path
    version: "0.10.4"
  source_span:
    description:
      path: "../pkg/source_span"
      relative: true
    source: path
    version: "1.4.0"
  stack_trace:
    description:
      path: "../pkg/stack_trace"
      relative: true
    source: path
    version: "1.8.3"
  stream_channel:
    description:
      path: "../pkg/stream_channel"
      relative: true
    source: path
    version: "1.6.2"
  stream_transform:
    description:
      path: "../pkg/stream_transform"
      relative: true
    source: path
    version: "0.0.9"
  string_scanner:
    description:
      path: "../pkg/string_scanner"
      relative: true
    source: path
    version: "1.0.2"
  term_glyph:
    description:
      path: "../pkg/term_glyph"
      relative: true
    source: path
    version: "1.0.0"
  test:
    description:
      path: "../pkg/test"
      relative: true
    source: path
    version: "0.12.26"
  typed_data:
    description:
      path: "../pkg/typed_data"
      relative: true
    source: path
    version: "1.1.5"
  utf:
    description:
      path: "../pkg/utf"
      relative: true
    source: path
    version: "0.9.0+3"
  uuid:
    description:
      path: "../pkg/uuid"
      relative: true
    source: path
    version: "0.5.3"
  watcher:
    description:
      path: "../pkg/watcher"
      relative: true
    source: path
    version: "0.9.7+4"
  web_socket_channel:
    description:
      path: "../pkg/web_socket_channel"
      relative: true
    source: path
    version: "1.0.6"
  yaml:
    description:
      path: "../pkg/yaml"
      relative: true
    source: path
    version: "2.1.13"
sdks:
  dart: ">=1.25.0-dev.9.0 <=2.0.0-edge.74f4c4f3e6a318889107d152c54fbb4fa50dbafc"
